
Microsoft Visual Studio Solution File, Format Version 12.00
# Visual Studio Version 17
VisualStudioVersion = 17.2.32616.157
MinimumVisualStudioVersion = 10.0.40219.1
Project("{FAE04EC0-301F-11D3-BF4B-00C04F79EFBC}") = "SQL_module_task", "SQL_module_task\SQL_module_task.csproj", "{B2EF7DE9-958C-4E14-B4CF-DC2C5FBCC051}"
EndProject
Global
	GlobalSection(SolutionConfigurationPlatforms) = preSolution
		Debug|Any CPU = Debug|Any CPU
		Release|Any CPU = Release|Any CPU
	EndGlobalSection
	GlobalSection(ProjectConfigurationPlatforms) = postSolution
		{B2EF7DE9-958C-4E14-B4CF-DC2C5FBCC051}.Debug|Any CPU.ActiveCfg = Debug|Any CPU
		{B2EF7DE9-958C-4E14-B4CF-DC2C5FBCC051}.Debug|Any CPU.Build.0 = Debug|Any CPU
		{B2EF7DE9-958C-4E14-B4CF-DC2C5FBCC051}.Release|Any CPU.ActiveCfg = Release|Any CPU
		{B2EF7DE9-958C-4E14-B4CF-DC2C5FBCC051}.Release|Any CPU.Build.0 = Release|Any CPU
	EndGlobalSection
	GlobalSection(SolutionProperties) = preSolution
		HideSolutionNode = FALSE
	EndGlobalSection
	GlobalSection(ExtensibilityGlobals) = postSolution
		SolutionGuid = {D7699570-64A7-470C-8130-3D5B649603CD}
	EndGlobalSection
EndGlobal
